version = 1
revision = 2
requires-python = ">=3.12"

[[package]]
name = "kafka-lib"
version = "0.1.0"
source = { editable = "../kafka-lib" }
dependencies = [
    { name = "kafka-python-ng" },
]

[package.metadata]
requires-dist = [{ name = "kafka-python-ng", specifier = ">=2.2.3" }]

[[package]]
name = "kafka-python-ng"
version = "2.2.3"
source = { registry = "https://pypi.org/simple" }
sdist = { url = "https://files.pythonhosted.org/packages/ce/04/1d65bdf3f0103a08710e226b851de4b357ac702f1cadabf6128bab7518a7/kafka_python_ng-2.2.3.tar.gz", hash = "sha256:f79f28e10ade9b5a9860b2ec15b7cc8dc510d5702f5a399430478cff5f93a05a", size = 330644, upload-time = "2024-10-02T16:56:58.639Z" }
wheels = [
    { url = "https://files.pythonhosted.org/packages/0f/61/22e778f642465a157c449782300d8817ebbc106794a8a7ebe88cbb846b05/kafka_python_ng-2.2.3-py2.py3-none-any.whl", hash = "sha256:adc6e82147c441ca4ae1f22e291fc08efab0d10971cbd4aa1481d2ffa38e9480", size = 232824, upload-time = "2024-10-02T16:56:56.932Z" },
]

[[package]]
name = "processor"
version = "0.1.0"
source = { virtual = "." }
dependencies = [
    { name = "kafka-lib" },
    { name = "prometheus-client" },
]

[package.metadata]
requires-dist = [
    { name = "kafka-lib", editable = "../kafka-lib" },
    { name = "prometheus-client", specifier = "==0.22.1" },
]

[[package]]
name = "prometheus-client"
version = "0.22.1"
source = { registry = "https://pypi.org/simple" }
sdist = { url = "https://files.pythonhosted.org/packages/5e/cf/40dde0a2be27cc1eb41e333d1a674a74ce8b8b0457269cc640fd42b07cf7/prometheus_client-0.22.1.tar.gz", hash = "sha256:190f1331e783cf21eb60bca559354e0a4d4378facecf78f5428c39b675d20d28", size = 69746, upload-time = "2025-06-02T14:29:01.152Z" }
wheels = [
    { url = "https://files.pythonhosted.org/packages/32/ae/ec06af4fe3ee72d16973474f122541746196aaa16cea6f66d18b963c6177/prometheus_client-0.22.1-py3-none-any.whl", hash = "sha256:cca895342e308174341b2cbf99a56bef291fbc0ef7b9e5412a0f26d653ba7094", size = 58694, upload-time = "2025-06-02T14:29:00.068Z" },
]
